github.com/google/uuid v1.6.0 h1:NIvaJDMOsjHA8n1jAhLSgzrAzy1Hgr+hNrb57e+94F0=
github.com/google/uuid v1.6.0/go.mod h1:TIyPZe4MgqvfeYDBFedMoGGpEw/LqOeaOT+nhxU+yHo=
github.com/rylenko/netac/internal/copy v0.0.0-20241012142114-fe6f97ae684d h1:Cwvj9wdKF4qoVzfjVbL2/UUQ0eAZlTmclDhh5ao4LcA=
github.com/rylenko/netac/internal/copy v0.0.0-20241012142114-fe6f97ae684d/go.mod h1:n2Kld5ynfKhyj40zDWUeRuORRsbTdJ+Qq1x4lX+yBA0=
